// !$*UTF8*$!
{
	archiveVersion = 1;
	classes = {
	};
	objectVersion = 55;
	objects = {

/* Begin PBXBuildFile section */
		D899DEF527A01E3B0001065B /* AppDelegate.swift in Sources */ = {isa = PBXBuildFile; fileRef = D899DEF427A01E3B0001065B /* AppDelegate.swift */; };
		D899DEF727A01E3B0001065B /* SceneDelegate.swift in Sources */ = {isa = PBXBuildFile; fileRef = D899DEF627A01E3B0001065B /* SceneDelegate.swift */; };
		D899DEF927A01E3B0001065B /* MainViewController.swift in Sources */ = {isa = PBXBuildFile; fileRef = D899DEF827A01E3B0001065B /* MainViewController.swift */; };
		D899DEFC27A01E3B0001065B /* Main.storyboard in Resources */ = {isa = PBXBuildFile; fileRef = D899DEFA27A01E3B0001065B /* Main.storyboard */; };
		D899DEFE27A01E3C0001065B /* Assets.xcassets in Resources */ = {isa = PBXBuildFile; fileRef = D899DEFD27A01E3C0001065B /* Assets.xcassets */; };
		D899DF0127A01E3C0001065B /* LaunchScreen.storyboard in Resources */ = {isa = PBXBuildFile; fileRef = D899DEFF27A01E3C0001065B /* LaunchScreen.storyboard */; };
		D899DF0D27A01EE60001065B /* MainViewDataModel.swift in Sources */ = {isa = PBXBuildFile; fileRef = D899DF0C27A01EE60001065B /* MainViewDataModel.swift */; };
		D899DF0F27A01FF90001065B /* MainViewModel.swift in Sources */ = {isa = PBXBuildFile; fileRef = D899DF0E27A01FF90001065B /* MainViewModel.swift */; };
		D899DF1127A04B9F0001065B /* MainView.swift in Sources */ = {isa = PBXBuildFile; fileRef = D899DF1027A04B9F0001065B /* MainView.swift */; };
		D899DF1327A04BD70001065B /* MainView + Extension.swift in Sources */ = {isa = PBXBuildFile; fileRef = D899DF1227A04BD70001065B /* MainView + Extension.swift */; };
/* End PBXBuildFile section */

/* Begin PBXFileReference section */
		D816339C27A1AA4D000315C6 /* README.md */ = {isa = PBXFileReference; lastKnownFileType = net.daringfireball.markdown; path = README.md; sourceTree = "<group>"; };
		D899DEF127A01E3B0001065B /* DataDrivenUI_MVVM.app */ = {isa = PBXFileReference; explicitFileType = wrapper.application; includeInIndex = 0; path = DataDrivenUI_MVVM.app; sourceTree = BUILT_PRODUCTS_DIR; };
		D899DEF427A01E3B0001065B /* AppDelegate.swift */ = {isa = PBXFileReference; lastKnownFileType = sourcecode.swift; path = AppDelegate.swift; sourceTree = "<group>"; };
		D899DEF627A01E3B0001065B /* SceneDelegate.swift */ = {isa = PBXFileReference; lastKnownFileType = sourcecode.swift; path = SceneDelegate.swift; sourceTree = "<group>"; };
		D899DEF827A01E3B0001065B /* MainViewController.swift */ = {isa = PBXFileReference; lastKnownFileType = sourcecode.swift; path = MainViewController.swift; sourceTree = "<group>"; };
		D899DEFB27A01E3B0001065B /* Base */ = {isa = PBXFileReference; lastKnownFileType = file.storyboard; name = Base; path = Base.lproj/Main.storyboard; sourceTree = "<group>"; };
		D899DEFD27A01E3C0001065B /* Assets.xcassets */ = {isa = PBXFileReference; lastKnownFileType = folder.assetcatalog; path = Assets.xcassets; sourceTree = "<group>"; };
		D899DF0027A01E3C0001065B /* Base */ = {isa = PBXFileReference; lastKnownFileType = file.storyboard; name = Base; path = Base.lproj/LaunchScreen.storyboard; sourceTree = "<group>"; };
		D899DF0227A01E3C0001065B /* Info.plist */ = {isa = PBXFileReference; lastKnownFileType = text.plist.xml; path = Info.plist; sourceTree = "<group>"; };
		D899DF0C27A01EE60001065B /* MainViewDataModel.swift */ = {isa = PBXFileReference; lastKnownFileType = sourcecode.swift; path = MainViewDataModel.swift; sourceTree = "<group>"; };
		D899DF0E27A01FF90001065B /* MainViewModel.swift */ = {isa = PBXFileReference; lastKnownFileType = sourcecode.swift; path = MainViewModel.swift; sourceTree = "<group>"; };
		D899DF1027A04B9F0001065B /* MainView.swift */ = {isa = PBXFileReference; lastKnownFileType = sourcecode.swift; path = MainView.swift; sourceTree = "<group>"; };
		D899DF1227A04BD70001065B /* MainView + Extension.swift */ = {isa = PBXFileReference; lastKnownFileType = sourcecode.swift; path = "MainView + Extension.swift"; sourceTree = "<group>"; };
/* End PBXFileReference section */

/* Begin PBXFrameworksBuildPhase section */
		D899DEEE27A01E3B0001065B /* Frameworks */ = {
			isa = PBXFrameworksBuildPhase;
			buildActionMask = 2147483647;
			files = (
			);
			runOnlyForDeploymentPostprocessing = 0;
		};
/* End PBXFrameworksBuildPhase section */

/* Begin PBXGroup section */
		D816339627A16DDA000315C6 /* View */ = {
			isa = PBXGroup;
			children = (
				D899DF1027A04B9F0001065B /* MainView.swift */,
				D899DF1227A04BD70001065B /* MainView + Extension.swift */,
			);
			path = View;
			sourceTree = "<group>";
		};
		D816339727A16DEB000315C6 /* ViewController */ = {
			isa = PBXGroup;
			children = (
				D899DEF827A01E3B0001065B /* MainViewController.swift */,
			);
			path = ViewController;
			sourceTree = "<group>";
		};
		D816339827A16DF4000315C6 /* ViewModel */ = {
			isa = PBXGroup;
			children = (
				D899DF0E27A01FF90001065B /* MainViewModel.swift */,
			);
			path = ViewModel;
			sourceTree = "<group>";
		};
		D816339927A17356000315C6 /* Resources */ = {
			isa = PBXGroup;
			children = (
				D899DEFD27A01E3C0001065B /* Assets.xcassets */,
			);
			path = Resources;
			sourceTree = "<group>";
		};
		D816339A27A1735F000315C6 /* StoryBoards */ = {
			isa = PBXGroup;
			children = (
				D899DEFA27A01E3B0001065B /* Main.storyboard */,
				D899DEFF27A01E3C0001065B /* LaunchScreen.storyboard */,
			);
			path = StoryBoards;
			sourceTree = "<group>";
		};
		D816339B27A17373000315C6 /* App */ = {
			isa = PBXGroup;
			children = (
				D899DEF427A01E3B0001065B /* AppDelegate.swift */,
				D899DEF627A01E3B0001065B /* SceneDelegate.swift */,
			);
			path = App;
			sourceTree = "<group>";
		};
		D899DEE827A01E3B0001065B = {
			isa = PBXGroup;
			children = (
				D816339C27A1AA4D000315C6 /* README.md */,
				D899DEF327A01E3B0001065B /* DataDrivenUI_MVVM */,
				D899DEF227A01E3B0001065B /* Products */,
			);
			sourceTree = "<group>";
		};
		D899DEF227A01E3B0001065B /* Products */ = {
			isa = PBXGroup;
			children = (
				D899DEF127A01E3B0001065B /* DataDrivenUI_MVVM.app */,
			);
			name = Products;
			sourceTree = "<group>";
		};
		D899DEF327A01E3B0001065B /* DataDrivenUI_MVVM */ = {
			isa = PBXGroup;
			children = (
				D899DF0827A01E620001065B /* MainView */,
				D816339A27A1735F000315C6 /* StoryBoards */,
				D816339B27A17373000315C6 /* App */,
				D816339927A17356000315C6 /* Resources */,
				D899DF0227A01E3C0001065B /* Info.plist */,
			);
			path = DataDrivenUI_MVVM;
			sourceTree = "<group>";
		};
		D899DF0827A01E620001065B /* MainView */ = {
			isa = PBXGroup;
			children = (
				D816339627A16DDA000315C6 /* View */,
				D899DF0927A01E9F0001065B /* ViewDataModel */,
				D816339727A16DEB000315C6 /* ViewController */,
				D816339827A16DF4000315C6 /* ViewModel */,
			);
			path = MainView;
			sourceTree = "<group>";
		};
		D899DF0927A01E9F0001065B /* ViewDataModel */ = {
			isa = PBXGroup;
			children = (
				D899DF0C27A01EE60001065B /* MainViewDataModel.swift */,
			);
			path = ViewDataModel;
			sourceTree = "<group>";
		};
/* End PBXGroup section */

/* Begin PBXNativeTarget section */
		D899DEF027A01E3B0001065B /* DataDrivenUI_MVVM */ = {
			isa = PBXNativeTarget;
			buildConfigurationList = D899DF0527A01E3C0001065B /* Build configuration list for PBXNativeTarget "DataDrivenUI_MVVM" */;
			buildPhases = (
				D899DEED27A01E3B0001065B /* Sources */,
				D899DEEE27A01E3B0001065B /* Frameworks */,
				D899DEEF27A01E3B0001065B /* Resources */,
			);
			buildRules = (
			);
			dependencies = (
			);
			name = DataDrivenUI_MVVM;
			productName = DataDrivenUI_MVVM;
			productReference = D899DEF127A01E3B0001065B /* DataDrivenUI_MVVM.app */;
			productType = "com.apple.product-type.application";
		};
/* End PBXNativeTarget section */

/* Begin PBXProject section */
		D899DEE927A01E3B0001065B /* Project object */ = {
			isa = PBXProject;
			attributes = {
				BuildIndependentTargetsInParallel = 1;
				LastSwiftUpdateCheck = 1320;
				LastUpgradeCheck = 1320;
				TargetAttributes = {
					D899DEF027A01E3B0001065B = {
						CreatedOnToolsVersion = 13.2.1;
					};
				};
			};
			buildConfigurationList = D899DEEC27A01E3B0001065B /* Build configuration list for PBXProject "DataDrivenUI_MVVM" */;
			compatibilityVersion = "Xcode 13.0";
			developmentRegion = en;
			hasScannedForEncodings = 0;
			knownRegions = (
				en,
				Base,
			);
			mainGroup = D899DEE827A01E3B0001065B;
			productRefGroup = D899DEF227A01E3B0001065B /* Products */;
			projectDirPath = "";
			projectRoot = "";
			targets = (
				D899DEF027A01E3B0001065B /* DataDrivenUI_MVVM */,
			);
		};
/* End PBXProject section */

/* Begin PBXResourcesBuildPhase section */
		D899DEEF27A01E3B0001065B /* Resources */ = {
			isa = PBXResourcesBuildPhase;
			buildActionMask = 2147483647;
			files = (
				D899DF0127A01E3C0001065B /* LaunchScreen.storyboard in Resources */,
				D899DEFE27A01E3C0001065B /* Assets.xcassets in Resources */,
				D899DEFC27A01E3B0001065B /* Main.storyboard in Resources */,
			);
			runOnlyForDeploymentPostprocessing = 0;
		};
/* End PBXResourcesBuildPhase section */

/* Begin PBXSourcesBuildPhase section */
		D899DEED27A01E3B0001065B /* Sources */ = {
			isa = PBXSourcesBuildPhase;
			buildActionMask = 2147483647;
			files = (
				D899DF0F27A01FF90001065B /* MainViewModel.swift in Sources */,
				D899DF1127A04B9F0001065B /* MainView.swift in Sources */,
				D899DEF927A01E3B0001065B /* MainViewController.swift in Sources */,
				D899DEF527A01E3B0001065B /* AppDelegate.swift in Sources */,
				D899DF1327A04BD70001065B /* MainView + Extension.swift in Sources */,
				D899DF0D27A01EE60001065B /* MainViewDataModel.swift in Sources */,
				D899DEF727A01E3B0001065B /* SceneDelegate.swift in Sources */,
			);
			runOnlyForDeploymentPostprocessing = 0;
		};
/* End PBXSourcesBuildPhase section */

/* Begin PBXVariantGroup section */
		D899DEFA27A01E3B0001065B /* Main.storyboard */ = {
			isa = PBXVariantGroup;
			children = (
				D899DEFB27A01E3B0001065B /* Base */,
			);
			name = Main.storyboard;
			sourceTree = "<group>";
		};
		D899DEFF27A01E3C0001065B /* LaunchScreen.storyboard */ = {
			isa = PBXVariantGroup;
			children = (
				D899DF0027A01E3C0001065B /* Base */,
			);
			name = LaunchScreen.storyboard;
			sourceTree = "<group>";
		};
/* End PBXVariantGroup section */

/* Begin XCBuildConfiguration section */
		D899DF0327A01E3C0001065B /* Debug */ = {
			isa = XCBuildConfiguration;
			buildSettings = {
				ALWAYS_SEARCH_USER_PATHS = NO;
				CLANG_ANALYZER_NONNULL = YES;
				CLANG_ANALYZER_NUMBER_OBJECT_CONVERSION = YES_AGGRESSIVE;
				CLANG_CXX_LANGUAGE_STANDARD = "gnu++17";
				CLANG_CXX_LIBRARY = "libc++";
				CLANG_ENABLE_MODULES = YES;
				CLANG_ENABLE_OBJC_ARC = YES;
				CLANG_ENABLE_OBJC_WEAK = YES;
				CLANG_WARN_BLOCK_CAPTURE_AUTORELEASING = YES;
				CLANG_WARN_BOOL_CONVERSION = YES;
				CLANG_WARN_COMMA = YES;
				CLANG_WARN_CONSTANT_CONVERSION = YES;
				CLANG_WARN_DEPRECATED_OBJC_IMPLEMENTATIONS = YES;
				CLANG_WARN_DIRECT_OBJC_ISA_USAGE = YES_ERROR;
				CLANG_WARN_DOCUMENTATION_COMMENTS = YES;
				CLANG_WARN_EMPTY_BODY = YES;
				CLANG_WARN_ENUM_CONVERSION = YES;
				CLANG_WARN_INFINITE_RECURSION = YES;
				CLANG_WARN_INT_CONVERSION = YES;
				CLANG_WARN_NON_LITERAL_NULL_CONVERSION = YES;
				CLANG_WARN_OBJC_IMPLICIT_RETAIN_SELF = YES;
				CLANG_WARN_OBJC_LITERAL_CONVERSION = YES;
				CLANG_WARN_OBJC_ROOT_CLASS = YES_ERROR;
				CLANG_WARN_QUOTED_INCLUDE_IN_FRAMEWORK_HEADER = YES;
				CLANG_WARN_RANGE_LOOP_ANALYSIS = YES;
				CLANG_WARN_STRICT_PROTOTYPES = YES;
				CLANG_WARN_SUSPICIOUS_MOVE = YES;
				CLANG_WARN_UNGUARDED_AVAILABILITY = YES_AGGRESSIVE;
				CLANG_WARN_UNREACHABLE_CODE = YES;
				CLANG_WARN__DUPLICATE_METHOD_MATCH = YES;
				COPY_PHASE_STRIP = NO;
				DEBUG_INFORMATION_FORMAT = dwarf;
				ENABLE_STRICT_OBJC_MSGSEND = YES;
				ENABLE_TESTABILITY = YES;
				GCC_C_LANGUAGE_STANDARD = gnu11;
				GCC_DYNAMIC_NO_PIC = NO;
				GCC_NO_COMMON_BLOCKS = YES;
				GCC_OPTIMIZATION_LEVEL = 0;
				GCC_PREPROCESSOR_DEFINITIONS = (
					"DEBUG=1",
					"$(inherited)",
				);
				GCC_WARN_64_TO_32_BIT_CONVERSION = YES;
				GCC_WARN_ABOUT_RETURN_TYPE = YES_ERROR;
				GCC_WARN_UNDECLARED_SELECTOR = YES;
				GCC_WARN_UNINITIALIZED_AUTOS = YES_AGGRESSIVE;
				GCC_WARN_UNUSED_FUNCTION = YES;
				GCC_WARN_UNUSED_VARIABLE = YES;
				IPHONEOS_DEPLOYMENT_TARGET = 15.2;
				MTL_ENABLE_DEBUG_INFO = INCLUDE_SOURCE;
				MTL_FAST_MATH = YES;
				ONLY_ACTIVE_ARCH = YES;
				SDKROOT = iphoneos;
				SWIFT_ACTIVE_COMPILATION_CONDITIONS = DEBUG;
				SWIFT_OPTIMIZATION_LEVEL = "-Onone";
			};
			name = Debug;
		};
		D899DF0427A01E3C0001065B /* Release */ = {
			isa = XCBuildConfiguration;
			buildSettings = {
				ALWAYS_SEARCH_USER_PATHS = NO;
				CLANG_ANALYZER_NONNULL = YES;
				CLANG_ANALYZER_NUMBER_OBJECT_CONVERSION = YES_AGGRESSIVE;
				CLANG_CXX_LANGUAGE_STANDARD = "gnu++17";
				CLANG_CXX_LIBRARY = "libc++";
				CLANG_ENABLE_MODULES = YES;
				CLANG_ENABLE_OBJC_ARC = YES;
				CLANG_ENABLE_OBJC_WEAK = YES;
				CLANG_WARN_BLOCK_CAPTURE_AUTORELEASING = YES;
				CLANG_WARN_BOOL_CONVERSION = YES;
				CLANG_WARN_COMMA = YES;
				CLANG_WARN_CONSTANT_CONVERSION = YES;
				CLANG_WARN_DEPRECATED_OBJC_IMPLEMENTATIONS = YES;
				CLANG_WARN_DIRECT_OBJC_ISA_USAGE = YES_ERROR;
				CLANG_WARN_DOCUMENTATION_COMMENTS = YES;
				CLANG_WARN_EMPTY_BODY = YES;
				CLANG_WARN_ENUM_CONVERSION = YES;
				CLANG_WARN_INFINITE_RECURSION = YES;
				CLANG_WARN_INT_CONVERSION = YES;
				CLANG_WARN_NON_LITERAL_NULL_CONVERSION = YES;
				CLANG_WARN_OBJC_IMPLICIT_RETAIN_SELF = YES;
				CLANG_WARN_OBJC_LITERAL_CONVERSION = YES;
				CLANG_WARN_OBJC_ROOT_CLASS = YES_ERROR;
				CLANG_WARN_QUOTED_INCLUDE_IN_FRAMEWORK_HEADER = YES;
				CLANG_WARN_RANGE_LOOP_ANALYSIS = YES;
				CLANG_WARN_STRICT_PROTOTYPES = YES;
				CLANG_WARN_SUSPICIOUS_MOVE = YES;
				CLANG_WARN_UNGUARDED_AVAILABILITY = YES_AGGRESSIVE;
				CLANG_WARN_UNREACHABLE_CODE = YES;
				CLANG_WARN__DUPLICATE_METHOD_MATCH = YES;
				COPY_PHASE_STRIP = NO;
				DEBUG_INFORMATION_FORMAT = "dwarf-with-dsym";
				ENABLE_NS_ASSERTIONS = NO;
				ENABLE_STRICT_OBJC_MSGSEND = YES;
				GCC_C_LANGUAGE_STANDARD = gnu11;
				GCC_NO_COMMON_BLOCKS = YES;
				GCC_WARN_64_TO_32_BIT_CONVERSION = YES;
				GCC_WARN_ABOUT_RETURN_TYPE = YES_ERROR;
				GCC_WARN_UNDECLARED_SELECTOR = YES;
				GCC_WARN_UNINITIALIZED_AUTOS = YES_AGGRESSIVE;
				GCC_WARN_UNUSED_FUNCTION = YES;
				GCC_WARN_UNUSED_VARIABLE = YES;
				IPHONEOS_DEPLOYMENT_TARGET = 15.2;
				MTL_ENABLE_DEBUG_INFO = NO;
				MTL_FAST_MATH = YES;
				SDKROOT = iphoneos;
				SWIFT_COMPILATION_MODE = wholemodule;
				SWIFT_OPTIMIZATION_LEVEL = "-O";
				VALIDATE_PRODUCT = YES;
			};
			name = Release;
		};
		D899DF0627A01E3C0001065B /* Debug */ = {
			isa = XCBuildConfiguration;
			buildSettings = {
				ASSETCATALOG_COMPILER_APPICON_NAME = AppIcon;
				ASSETCATALOG_COMPILER_GLOBAL_ACCENT_COLOR_NAME = AccentColor;
				CODE_SIGN_STYLE = Automatic;
				CURRENT_PROJECT_VERSION = 1;
				DEVELOPMENT_TEAM = RV92NSXQKZ;
				GENERATE_INFOPLIST_FILE = YES;
				INFOPLIST_FILE = DataDrivenUI_MVVM/Info.plist;
				INFOPLIST_KEY_UIApplicationSupportsIndirectInputEvents = YES;
				INFOPLIST_KEY_UILaunchStoryboardName = LaunchScreen;
				INFOPLIST_KEY_UIMainStoryboardFile = Main;
				INFOPLIST_KEY_UISupportedInterfaceOrientations_iPad = "UIInterfaceOrientationPortrait UIInterfaceOrientationPortraitUpsideDown UIInterfaceOrientationLandscapeLeft UIInterfaceOrientationLandscapeRight";
				INFOPLIST_KEY_UISupportedInterfaceOrientations_iPhone = "UIInterfaceOrientationPortrait UIInterfaceOrientationLandscapeLeft UIInterfaceOrientationLandscapeRight";
				LD_RUNPATH_SEARCH_PATHS = (
					"$(inherited)",
					"@executable_path/Frameworks",
				);
				MARKETING_VERSION = 1.0;
				PRODUCT_BUNDLE_IDENTIFIER = "ru.nechaev.DataDrivenUI-MVVM";
				PRODUCT_NAME = "$(TARGET_NAME)";
				SWIFT_EMIT_LOC_STRINGS = YES;
				SWIFT_VERSION = 5.0;
				TARGETED_DEVICE_FAMILY = 1;
			};
			name = Debug;
		};
		D899DF0727A01E3C0001065B /* Release */ = {
			isa = XCBuildConfiguration;
			buildSettings = {
				ASSETCATALOG_COMPILER_APPICON_NAME = AppIcon;
				ASSETCATALOG_COMPILER_GLOBAL_ACCENT_COLOR_NAME = AccentColor;
				CODE_SIGN_STYLE = Automatic;
				CURRENT_PROJECT_VERSION = 1;
				DEVELOPMENT_TEAM = RV92NSXQKZ;
				GENERATE_INFOPLIST_FILE = YES;
				INFOPLIST_FILE = DataDrivenUI_MVVM/Info.plist;
				INFOPLIST_KEY_UIApplicationSupportsIndirectInputEvents = YES;
				INFOPLIST_KEY_UILaunchStoryboardName = LaunchScreen;
				INFOPLIST_KEY_UIMainStoryboardFile = Main;
				INFOPLIST_KEY_UISupportedInterfaceOrientations_iPad = "UIInterfaceOrientationPortrait UIInterfaceOrientationPortraitUpsideDown UIInterfaceOrientationLandscapeLeft UIInterfaceOrientationLandscapeRight";
				INFOPLIST_KEY_UISupportedInterfaceOrientations_iPhone = "UIInterfaceOrientationPortrait UIInterfaceOrientationLandscapeLeft UIInterfaceOrientationLandscapeRight";
				LD_RUNPATH_SEARCH_PATHS = (
					"$(inherited)",
					"@executable_path/Frameworks",
				);
				MARKETING_VERSION = 1.0;
				PRODUCT_BUNDLE_IDENTIFIER = "ru.nechaev.DataDrivenUI-MVVM";
				PRODUCT_NAME = "$(TARGET_NAME)";
				SWIFT_EMIT_LOC_STRINGS = YES;
				SWIFT_VERSION = 5.0;
				TARGETED_DEVICE_FAMILY = 1;
			};
			name = Release;
		};
/* End XCBuildConfiguration section */

/* Begin XCConfigurationList section */
		D899DEEC27A01E3B0001065B /* Build configuration list for PBXProject "DataDrivenUI_MVVM" */ = {
			isa = XCConfigurationList;
			buildConfigurations = (
				D899DF0327A01E3C0001065B /* Debug */,
				D899DF0427A01E3C0001065B /* Release */,
			);
			defaultConfigurationIsVisible = 0;
			defaultConfigurationName = Release;
		};
		D899DF0527A01E3C0001065B /* Build configuration list for PBXNativeTarget "DataDrivenUI_MVVM" */ = {
			isa = XCConfigurationList;
			buildConfigurations = (
				D899DF0627A01E3C0001065B /* Debug */,
				D899DF0727A01E3C0001065B /* Release */,
			);
			defaultConfigurationIsVisible = 0;
			defaultConfigurationName = Release;
		};
/* End XCConfigurationList section */
	};
	rootObject = D899DEE927A01E3B0001065B /* Project object */;
}
